{
  "README.md:2602930312": [
    [160, 7, 22, "Style/MethodCallWithArgsParentheses: Use parentheses for method calls with arguments.", 1551357039],
    [162, 7, 32, "Style/MethodCallWithArgsParentheses: Use parentheses for method calls with arguments.", 3469907736],
    [176, 8, 8, "Layout/ArgumentAlignment: Use one level of indentation for arguments following the first line of a multi-line method call.", 4105624451],
    [177, 8, 21, "Layout/ArgumentAlignment: Use one level of indentation for arguments following the first line of a multi-line method call.", 2691788792],
    [178, 8, 12, "Layout/ArgumentAlignment: Use one level of indentation for arguments following the first line of a multi-line method call.", 2495065882],
    [223, 8, 13, "Layout/ArgumentAlignment: Use one level of indentation for arguments following the first line of a multi-line method call.", 1108718747],
    [224, 8, 18, "Layout/ArgumentAlignment: Use one level of indentation for arguments following the first line of a multi-line method call.", 2622843996],
    [225, 8, 56, "Layout/ArgumentAlignment: Use one level of indentation for arguments following the first line of a multi-line method call.", 3970094193],
    [236, 8, 13, "Layout/ArgumentAlignment: Use one level of indentation for arguments following the first line of a multi-line method call.", 1108718747],
    [237, 8, 18, "Layout/ArgumentAlignment: Use one level of indentation for arguments following the first line of a multi-line method call.", 2622843996],
    [238, 8, 12, "Layout/ArgumentAlignment: Use one level of indentation for arguments following the first line of a multi-line method call.", 1366428542],
    [274, 8, 3, "Layout/ArgumentAlignment: Use one level of indentation for arguments following the first line of a multi-line method call.", 193467149],
    [288, 8, 22, "Layout/ArgumentAlignment: Use one level of indentation for arguments following the first line of a multi-line method call.", 1738946304],
    [289, 8, 29, "Layout/ArgumentAlignment: Use one level of indentation for arguments following the first line of a multi-line method call.", 1219683598],
    [290, 8, 15, "Layout/ArgumentAlignment: Use one level of indentation for arguments following the first line of a multi-line method call.", 4242720324],
    [306, 9, 66, "Layout/ArgumentAlignment: Use one level of indentation for arguments following the first line of a multi-line method call.", 2785965385],
    [306, 31, 29, "Performance/RegexpMatch: Use `match?` instead of `=~` when `MatchData` is not used.", 531562169],
    [306, 31, 42, "Style/TernaryParentheses: Use parentheses for ternary expressions with complex conditions.", 983975250],
    [306, 63, 4, "Style/StringLiterals: Prefer double-quoted strings unless you need single quotes to avoid extra backslashes for escaping.", 2085185578],
    [306, 70, 3, "Style/StringLiterals: Prefer double-quoted strings unless you need single quotes to avoid extra backslashes for escaping.", 193337892],
    [354, 9, 64, "Layout/ArgumentAlignment: Use one level of indentation for arguments following the first line of a multi-line method call.", 1370821485],
    [355, 11, 36, "Style/TrailingCommaInHashLiteral: Put a comma after the last item of a multiline hash.", 2463160531],
    [395, 9, 151, "Layout/ArgumentAlignment: Use one level of indentation for arguments following the first line of a multi-line method call.", 159557776],
    [398, 13, 43, "Style/TrailingCommaInHashLiteral: Put a comma after the last item of a multiline hash.", 1702907271],
    [399, 11, 1, "Style/TrailingCommaInHashLiteral: Put a comma after the last item of a multiline hash.", 177624],
    [411, 9, 162, "Layout/ArgumentAlignment: Use one level of indentation for arguments following the first line of a multi-line method call.", 4154785019],
    [415, 11, 4, "Style/TrailingCommaInHashLiteral: Put a comma after the last item of a multiline hash.", 2087421027],
    [428, 3, 252, "Layout/IndentationConsistency: Inconsistent indentation detected.", 1514570218],
    [430, 11, 197, "Layout/ArgumentAlignment: Use one level of indentation for arguments following the first line of a multi-line method call.", 2873145833],
    [434, 13, 4, "Style/TrailingCommaInHashLiteral: Put a comma after the last item of a multiline hash.", 2087421027],
    [442, 3, 308, "Layout/IndentationConsistency: Inconsistent indentation detected.", 3549722644],
    [444, 11, 253, "Layout/ArgumentAlignment: Use one level of indentation for arguments following the first line of a multi-line method call.", 1276577734],
    [449, 15, 4, "Style/TrailingCommaInHashLiteral: Put a comma after the last item of a multiline hash.", 2087421027],
    [450, 13, 1, "Style/TrailingCommaInHashLiteral: Put a comma after the last item of a multiline hash.", 177624],
    [458, 3, 242, "Layout/IndentationConsistency: Inconsistent indentation detected.", 797844092],
    [460, 11, 175, "Layout/ArgumentAlignment: Use one level of indentation for arguments following the first line of a multi-line method call.", 143054877],
    [464, 13, 4, "Style/TrailingCommaInHashLiteral: Put a comma after the last item of a multiline hash.", 2087421027],
    [472, 3, 346, "Layout/IndentationConsistency: Inconsistent indentation detected.", 2362110773],
    [474, 11, 272, "Layout/ArgumentAlignment: Use one level of indentation for arguments following the first line of a multi-line method call.", 2479339385],
    [478, 15, 32, "Layout/LineEndStringConcatenationIndentation: Indent the first part of a string concatenated with backslash.", 1736409949],
    [479, 13, 4, "Style/TrailingCommaInHashLiteral: Put a comma after the last item of a multiline hash.", 2087421027],
    [487, 3, 230, "Layout/IndentationConsistency: Inconsistent indentation detected.", 3044721939],
    [489, 11, 172, "Layout/ArgumentAlignment: Use one level of indentation for arguments following the first line of a multi-line method call.", 477446663],
    [493, 13, 4, "Style/TrailingCommaInHashLiteral: Put a comma after the last item of a multiline hash.", 2087421027]
  ],
  "lib/service_actor/attributable.rb:2914630637": [
    [10, 3, 59, "Style/ClassMethodsDefinitions: Use `class << self` to define a class method.", 1204933570],
    [30, 7, 23, "Style/MethodCallWithArgsParentheses: Use parentheses for method calls with arguments.", 2016420703],
    [32, 7, 14, "Style/MethodCallWithArgsParentheses: Use parentheses for method calls with arguments.", 1420767272],
    [36, 7, 7, "ThreadSafety/InstanceVariableInClassMethod: Avoid instance variables in class methods.", 722036864],
    [46, 21, 10, "Performance/StringIdentifierArgument: Use `:\"#{name}=\"` instead of `\"#{name}=\"`.", 2987775322],
    [50, 7, 26, "Style/MethodCallWithArgsParentheses: Use parentheses for method calls with arguments.", 1106956795],
    [50, 23, 10, "Performance/StringIdentifierArgument: Use `:\"#{name}=\"` instead of `\"#{name}=\"`.", 2987775322],
    [54, 7, 8, "ThreadSafety/InstanceVariableInClassMethod: Avoid instance variables in class methods.", 1735899849]
  ],
  "lib/service_actor/base.rb:1384601898": [
    [6, 3, 372, "Style/ClassMethodsDefinitions: Use `class << self` to define a class method.", 1859694145]
  ],
  "lib/service_actor/checkable.rb:1371441970": [
    [4, 3, 64, "Style/ClassMethodsDefinitions: Use `class << self` to define a class method.", 3862627531],
    [14, 7, 34, "Style/TrailingCommaInArrayLiteral: Put a comma after the last item of a multiline array.", 1744210091],
    [33, 30, 12, "Performance/StringIdentifierArgument: Use `:\"#{origin}s\"` instead of `\"#{origin}s\"`.", 2481531303],
    [59, 13, 35, "Layout/ArgumentAlignment: Use one level of indentation for arguments following the first line of a multi-line method call.", 3019920128]
  ],
  "lib/service_actor/checks/base.rb:124451405": [
    [4, 3, 54, "Style/ClassMethodsDefinitions: Use `class << self` to define a class method.", 853011185]
  ],
  "lib/service_actor/checks/default_check.rb:315716200": [
    [29, 3, 65, "Style/ClassMethodsDefinitions: Use `class << self` to define a class method.", 720136416],
    [33, 3, 196, "Style/ClassMethodsDefinitions: Use `class << self` to define a class method.", 329234138]
  ],
  "lib/service_actor/checks/inclusion_check.rb:3443106288": [
    [25, 9, 29, "Layout/LineEndStringConcatenationIndentation: Align parts of a string concatenated with backslash.", 2400253882],
    [30, 3, 369, "Style/ClassMethodsDefinitions: Use `class << self` to define a class method.", 2767559325]
  ],
  "lib/service_actor/checks/must_check.rb:2959929121": [
    [36, 3, 293, "Style/ClassMethodsDefinitions: Use `class << self` to define a class method.", 1940412977]
  ],
  "lib/service_actor/checks/nil_check.rb:1408021727": [
    [38, 3, 357, "Style/ClassMethodsDefinitions: Use `class << self` to define a class method.", 1874231255]
  ],
  "lib/service_actor/checks/type_check.rb:2396679417": [
    [37, 3, 368, "Style/ClassMethodsDefinitions: Use `class << self` to define a class method.", 1749704976]
  ],
  "lib/service_actor/configurable.rb:2379152505": [
    [4, 3, 59, "Style/ClassMethodsDefinitions: Use `class << self` to define a class method.", 1204933570],
    [21, 7, 21, "ThreadSafety/InstanceVariableInClassMethod: Avoid instance variables in class methods.", 240420736],
    [27, 7, 14, "ThreadSafety/InstanceVariableInClassMethod: Avoid instance variables in class methods.", 2923095860]
  ],
  "lib/service_actor/core.rb:3246954327": [
    [4, 3, 59, "Style/ClassMethodsDefinitions: Use `class << self` to define a class method.", 1204933570],
    [19, 21, 9, "Performance/StringIdentifierArgument: Use `:\"#{key}=\"` instead of `\"#{key}=\"`.", 1022841802],
    [42, 3, 13, "Style/SingleLineMethods: Avoid single-line method definitions.", 622651540],
    [45, 3, 17, "Style/SingleLineMethods: Avoid single-line method definitions.", 2825890304]
  ],
  "lib/service_actor/defaultable.rb:3257396550": [
    [29, 3, 64, "Style/ClassMethodsDefinitions: Use `class << self` to define a class method.", 3862627531]
  ],
  "lib/service_actor/failable.rb:3481571367": [
    [10, 3, 94, "Style/ClassMethodsDefinitions: Use `class << self` to define a class method.", 4021822177],
    [31, 7, 9, "ThreadSafety/InstanceVariableInClassMethod: Avoid instance variables in class methods.", 319259018]
  ],
  "lib/service_actor/playable.rb:3511078507": [
    [12, 3, 94, "Style/ClassMethodsDefinitions: Use `class << self` to define a class method.", 4021822177],
    [31, 7, 12, "ThreadSafety/InstanceVariableInClassMethod: Avoid instance variables in class methods.", 798044166]
  ],
  "lib/service_actor/result.rb:1828502347": [
    [8, 3, 86, "Style/ClassMethodsDefinitions: Use `class << self` to define a class method.", 3727597697],
    [79, 50, 2, "Style/RedundantLineContinuation: Redundant line continuation.", 5862675],
    [80, 20, 45, "Layout/MultilineOperationIndentation: Use 2 (not 15) spaces for indenting a condition in an `if` statement spanning multiple lines.", 888429576],
    [88, 8, 51, "Layout/MultilineOperationIndentation: Use 4 (not 3) spaces for indenting a condition in an `if` statement spanning multiple lines.", 2035554402],
    [103, 7, 61, "Layout/LineEndStringConcatenationIndentation: Indent the first part of a string concatenated with backslash.", 1446933026]
  ],
  "service_actor.gemspec:3176990543": [
    [32, 5, 21, "Style/CommandLiteral: Use `%x` around command string.", 2340001096],
    [38, 3, 38, "Gemspec/DependencyVersion: Dependency version specification is required.", 2799546261],
    [38, 3, 38, "Style/MethodCallWithArgsParentheses: Use parentheses for method calls with arguments.", 2799546261],
    [41, 3, 39, "Gemspec/DependencyVersion: Dependency version specification is required.", 4007245444],
    [41, 3, 39, "Style/MethodCallWithArgsParentheses: Use parentheses for method calls with arguments.", 4007245444],
    [44, 3, 38, "Gemspec/DependencyVersion: Dependency version specification is required.", 1032140206],
    [44, 3, 38, "Style/MethodCallWithArgsParentheses: Use parentheses for method calls with arguments.", 1032140206],
    [47, 3, 37, "Gemspec/DependencyVersion: Dependency version specification is required.", 1202442760],
    [47, 3, 37, "Style/MethodCallWithArgsParentheses: Use parentheses for method calls with arguments.", 1202442760],
    [52, 3, 56, "Style/MethodCallWithArgsParentheses: Use parentheses for method calls with arguments.", 1496057722],
    [56, 3, 67, "Style/MethodCallWithArgsParentheses: Use parentheses for method calls with arguments.", 3352209572],
    [59, 3, 59, "Style/MethodCallWithArgsParentheses: Use parentheses for method calls with arguments.", 4236915618],
    [62, 3, 47, "Gemspec/DependencyVersion: Dependency version specification is required.", 3367389567],
    [62, 3, 47, "Style/MethodCallWithArgsParentheses: Use parentheses for method calls with arguments.", 3367389567],
    [65, 3, 53, "Gemspec/DependencyVersion: Dependency version specification is required.", 4157127408],
    [65, 3, 53, "Style/MethodCallWithArgsParentheses: Use parentheses for method calls with arguments.", 4157127408],
    [68, 3, 46, "Gemspec/DependencyVersion: Dependency version specification is required.", 2185074421],
    [68, 3, 46, "Style/MethodCallWithArgsParentheses: Use parentheses for method calls with arguments.", 2185074421],
    [71, 3, 44, "Gemspec/DependencyVersion: Dependency version specification is required.", 664785788],
    [71, 3, 44, "Style/MethodCallWithArgsParentheses: Use parentheses for method calls with arguments.", 664785788]
  ],
  "spec/actor_spec.rb:1274419012": [
    [8, 29, 10, "RSpec/ClassCheck: Prefer `be_a` over `be_kind_of`.", 3679076707],
    [287, 13, 38, "Layout/LineEndStringConcatenationIndentation: Indent the first part of a string concatenated with backslash.", 2685815861],
    [310, 17, 40, "Layout/LineEndStringConcatenationIndentation: Align parts of a string concatenated with backslash.", 288459521],
    [326, 17, 38, "Layout/LineEndStringConcatenationIndentation: Align parts of a string concatenated with backslash.", 70974863],
    [327, 19, 52, "Layout/LineEndStringConcatenationIndentation: Align parts of a string concatenated with backslash.", 890422367],
    [372, 13, 50, "Layout/LineEndStringConcatenationIndentation: Indent the first part of a string concatenated with backslash.", 1973930778],
    [416, 15, 43, "Layout/LineEndStringConcatenationIndentation: Align parts of a string concatenated with backslash.", 3157936006],
    [458, 15, 18, "Layout/LineEndStringConcatenationIndentation: Indent the first part of a string concatenated with backslash.", 3660717167],
    [510, 13, 27, "Layout/LineEndStringConcatenationIndentation: Indent the first part of a string concatenated with backslash.", 4216326503],
    [560, 13, 65, "Layout/LineEndStringConcatenationIndentation: Indent the first part of a string concatenated with backslash.", 3674211185],
    [618, 13, 56, "Layout/LineEndStringConcatenationIndentation: Indent the first part of a string concatenated with backslash.", 2597977143],
    [675, 11, 41, "Layout/LineEndStringConcatenationIndentation: Indent the first part of a string concatenated with backslash.", 2149743579],
    [701, 11, 22, "Layout/LineEndStringConcatenationIndentation: Indent the first part of a string concatenated with backslash.", 3999235946],
    [713, 65, 1, "Layout/LineContinuationSpacing: Use one space in front of backslash.", 177657],
    [714, 11, 27, "Layout/LineEndStringConcatenationIndentation: Indent the first part of a string concatenated with backslash.", 4216326503],
    [822, 29, 10, "RSpec/ClassCheck: Prefer `be_a` over `be_kind_of`.", 3679076707],
    [830, 29, 10, "RSpec/ClassCheck: Prefer `be_a` over `be_kind_of`.", 3679076707]
  ],
  "spec/examples/allow_nil_on_input_with_type_and_default_nil.rb:2686481601": [
    [6, 3, 13, "Style/SingleLineMethods: Avoid single-line method definitions.", 622651540]
  ],
  "spec/examples/check_must_advanced_no_message.rb:2884490080": [
    [5, 9, 90, "Layout/ArgumentAlignment: Use one level of indentation for arguments following the first line of a multi-line method call.", 3523591900],
    [7, 13, 24, "Style/TrailingCommaInHashLiteral: Put a comma after the last item of a multiline hash.", 1406265369],
    [8, 11, 1, "Style/TrailingCommaInHashLiteral: Put a comma after the last item of a multiline hash.", 177624]
  ],
  "spec/examples/check_nil_advanced_no_message.rb:416179994": [
    [5, 9, 42, "Layout/ArgumentAlignment: Use one level of indentation for arguments following the first line of a multi-line method call.", 1771439028],
    [6, 11, 9, "Style/TrailingCommaInHashLiteral: Put a comma after the last item of a multiline hash.", 3503157816]
  ],
  "spec/examples/disallow_nil_on_input.rb:3740165182": [
    [6, 3, 13, "Style/SingleLineMethods: Avoid single-line method definitions.", 622651540]
  ],
  "spec/examples/disallow_nil_on_input_advanced.rb:509249881": [
    [5, 9, 12, "Layout/ArgumentAlignment: Use one level of indentation for arguments following the first line of a multi-line method call.", 2723323794],
    [6, 9, 160, "Layout/ArgumentAlignment: Use one level of indentation for arguments following the first line of a multi-line method call.", 2100001966],
    [10, 11, 4, "Style/TrailingCommaInHashLiteral: Put a comma after the last item of a multiline hash.", 2087421027],
    [13, 3, 13, "Style/SingleLineMethods: Avoid single-line method definitions.", 622651540]
  ],
  "spec/examples/double_with_type_as_string_advanced.rb:739256910": [
    [5, 9, 249, "Layout/ArgumentAlignment: Use one level of indentation for arguments following the first line of a multi-line method call.", 207083684],
    [9, 13, 30, "Layout/LineEndStringConcatenationIndentation: Indent the first part of a string concatenated with backslash.", 1768855069],
    [10, 11, 4, "Style/TrailingCommaInHashLiteral: Put a comma after the last item of a multiline hash.", 2087421027]
  ],
  "spec/examples/expected_fail_in_must_when_type_is_first_advanced.rb:2223775489": [
    [5, 9, 13, "Layout/ArgumentAlignment: Use one level of indentation for arguments following the first line of a multi-line method call.", 1315691617],
    [6, 9, 187, "Layout/ArgumentAlignment: Use one level of indentation for arguments following the first line of a multi-line method call.", 731834095],
    [9, 13, 56, "Style/TrailingCommaInHashLiteral: Put a comma after the last item of a multiline hash.", 1705794194],
    [10, 11, 1, "Style/TrailingCommaInHashLiteral: Put a comma after the last item of a multiline hash.", 177624],
    [13, 3, 13, "Style/SingleLineMethods: Avoid single-line method definitions.", 622651540]
  ],
  "spec/examples/expected_fail_in_must_when_type_is_last_advanced.rb:1483201713": [
    [5, 9, 187, "Layout/ArgumentAlignment: Use one level of indentation for arguments following the first line of a multi-line method call.", 731834095],
    [8, 13, 56, "Style/TrailingCommaInHashLiteral: Put a comma after the last item of a multiline hash.", 1705794194],
    [9, 11, 1, "Style/TrailingCommaInHashLiteral: Put a comma after the last item of a multiline hash.", 177624],
    [11, 9, 13, "Layout/ArgumentAlignment: Use one level of indentation for arguments following the first line of a multi-line method call.", 1315691617],
    [13, 3, 13, "Style/SingleLineMethods: Avoid single-line method definitions.", 622651540]
  ],
  "spec/examples/fail_on_argument_error.rb:293171180": [
    [8, 3, 13, "Style/SingleLineMethods: Avoid single-line method definitions.", 622651540]
  ],
  "spec/examples/fail_playing_actions.rb:3571891913": [
    [8, 8, 14, "Layout/ArgumentAlignment: Use one level of indentation for arguments following the first line of a multi-line method call.", 1752191311],
    [9, 8, 13, "Layout/ArgumentAlignment: Use one level of indentation for arguments following the first line of a multi-line method call.", 4185087645],
    [10, 8, 14, "Layout/ArgumentAlignment: Use one level of indentation for arguments following the first line of a multi-line method call.", 1752191311]
  ],
  "spec/examples/fail_playing_actions_with_rollback.rb:534289229": [
    [9, 8, 26, "Layout/ArgumentAlignment: Use one level of indentation for arguments following the first line of a multi-line method call.", 2729114843],
    [10, 8, 26, "Layout/ArgumentAlignment: Use one level of indentation for arguments following the first line of a multi-line method call.", 2729114843],
    [11, 8, 13, "Layout/ArgumentAlignment: Use one level of indentation for arguments following the first line of a multi-line method call.", 4185087645],
    [12, 8, 26, "Layout/ArgumentAlignment: Use one level of indentation for arguments following the first line of a multi-line method call.", 2729114843]
  ],
  "spec/examples/lambda_default_with_reference.rb:3956284590": [
    [6, 9, 53, "Layout/ArgumentAlignment: Use one level of indentation for arguments following the first line of a multi-line method call.", 3679552011],
    [7, 9, 12, "Layout/ArgumentAlignment: Use one level of indentation for arguments following the first line of a multi-line method call.", 2723323794]
  ],
  "spec/examples/pay_with_provider_advanced.rb:3733645434": [
    [5, 9, 181, "Layout/ArgumentAlignment: Use one level of indentation for arguments following the first line of a multi-line method call.", 3327147720],
    [9, 11, 4, "Style/TrailingCommaInHashLiteral: Put a comma after the last item of a multiline hash.", 2087421027],
    [11, 9, 17, "Layout/ArgumentAlignment: Use one level of indentation for arguments following the first line of a multi-line method call.", 3882274685]
  ],
  "spec/examples/pay_with_provider_advanced_but_no_default_value.rb:2075574223": [
    [5, 9, 181, "Layout/ArgumentAlignment: Use one level of indentation for arguments following the first line of a multi-line method call.", 3327147720],
    [9, 11, 4, "Style/TrailingCommaInHashLiteral: Put a comma after the last item of a multiline hash.", 2087421027],
    [11, 9, 158, "Layout/ArgumentAlignment: Use one level of indentation for arguments following the first line of a multi-line method call.", 587357307],
    [15, 11, 4, "Style/TrailingCommaInHashLiteral: Put a comma after the last item of a multiline hash.", 2087421027]
  ],
  "spec/examples/pay_with_provider_advanced_no_message.rb:1205082075": [
    [5, 9, 63, "Layout/ArgumentAlignment: Use one level of indentation for arguments following the first line of a multi-line method call.", 455523157],
    [6, 11, 30, "Style/TrailingCommaInHashLiteral: Put a comma after the last item of a multiline hash.", 3272115698]
  ],
  "spec/examples/pay_with_provider_inclusion_advanced.rb:3052716636": [
    [5, 9, 181, "Layout/ArgumentAlignment: Use one level of indentation for arguments following the first line of a multi-line method call.", 3327147720],
    [9, 11, 4, "Style/TrailingCommaInHashLiteral: Put a comma after the last item of a multiline hash.", 2087421027],
    [11, 9, 17, "Layout/ArgumentAlignment: Use one level of indentation for arguments following the first line of a multi-line method call.", 3882274685]
  ],
  "spec/examples/play_actors.rb:656555927": [
    [5, 8, 9, "Layout/ArgumentAlignment: Use one level of indentation for arguments following the first line of a multi-line method call.", 487726163],
    [6, 8, 16, "Layout/ArgumentAlignment: Use one level of indentation for arguments following the first line of a multi-line method call.", 937575143],
    [7, 8, 17, "Layout/ArgumentAlignment: Use one level of indentation for arguments following the first line of a multi-line method call.", 609533437],
    [8, 8, 20, "Layout/ArgumentAlignment: Use one level of indentation for arguments following the first line of a multi-line method call.", 504381186],
    [9, 8, 14, "Layout/ArgumentAlignment: Use one level of indentation for arguments following the first line of a multi-line method call.", 1752191311]
  ],
  "spec/examples/play_alias_input.rb:3344810070": [
    [7, 8, 58, "Layout/ArgumentAlignment: Use one level of indentation for arguments following the first line of a multi-line method call.", 13049230],
    [8, 8, 29, "Layout/ArgumentAlignment: Use one level of indentation for arguments following the first line of a multi-line method call.", 3949406103],
    [9, 8, 17, "Layout/ArgumentAlignment: Use one level of indentation for arguments following the first line of a multi-line method call.", 609533437]
  ],
  "spec/examples/play_error_and_catch_it_in_rollback.rb:60599370": [
    [5, 8, 13, "Layout/ArgumentAlignment: Use one level of indentation for arguments following the first line of a multi-line method call.", 4185087645]
  ],
  "spec/examples/play_instance_methods.rb:1422933624": [
    [8, 8, 14, "Layout/ArgumentAlignment: Use one level of indentation for arguments following the first line of a multi-line method call.", 1752191311],
    [9, 8, 9, "Layout/ArgumentAlignment: Use one level of indentation for arguments following the first line of a multi-line method call.", 502519717],
    [10, 8, 11, "Layout/ArgumentAlignment: Use one level of indentation for arguments following the first line of a multi-line method call.", 390222454],
    [11, 8, 17, "Layout/ArgumentAlignment: Use one level of indentation for arguments following the first line of a multi-line method call.", 609533437]
  ],
  "spec/examples/play_interactor.rb:2713064580": [
    [8, 8, 28, "Layout/ArgumentAlignment: Use one level of indentation for arguments following the first line of a multi-line method call.", 1699636162]
  ],
  "spec/examples/play_lambdas.rb:1207822101": [
    [7, 8, 14, "Layout/ArgumentAlignment: Use one level of indentation for arguments following the first line of a multi-line method call.", 1752191311],
    [8, 8, 53, "Layout/ArgumentAlignment: Use one level of indentation for arguments following the first line of a multi-line method call.", 523568898],
    [9, 8, 31, "Layout/ArgumentAlignment: Use one level of indentation for arguments following the first line of a multi-line method call.", 253042036],
    [10, 8, 17, "Layout/ArgumentAlignment: Use one level of indentation for arguments following the first line of a multi-line method call.", 609533437]
  ],
  "spec/examples/play_multiple_times.rb:872706559": [
    [9, 8, 9, "Layout/ArgumentAlignment: Use one level of indentation for arguments following the first line of a multi-line method call.", 487726163],
    [12, 8, 17, "Layout/ArgumentAlignment: Use one level of indentation for arguments following the first line of a multi-line method call.", 609533437]
  ],
  "spec/examples/play_multiple_times_with_conditions.rb:825715212": [
    [9, 8, 36, "Layout/ArgumentAlignment: Use one level of indentation for arguments following the first line of a multi-line method call.", 161410530],
    [12, 8, 40, "Layout/ArgumentAlignment: Use one level of indentation for arguments following the first line of a multi-line method call.", 1545791047],
    [15, 8, 18, "Layout/ArgumentAlignment: Use one level of indentation for arguments following the first line of a multi-line method call.", 3994784039],
    [18, 8, 21, "Layout/ArgumentAlignment: Use one level of indentation for arguments following the first line of a multi-line method call.", 2822850897]
  ],
  "spec/examples/play_multiple_times_with_evaluated_conditions.rb:3904291159": [
    [8, 8, 29, "Layout/ArgumentAlignment: Use one level of indentation for arguments following the first line of a multi-line method call.", 4003272498],
    [9, 8, 29, "Layout/ArgumentAlignment: Use one level of indentation for arguments following the first line of a multi-line method call.", 4003272498],
    [10, 8, 36, "Layout/ArgumentAlignment: Use one level of indentation for arguments following the first line of a multi-line method call.", 1446841775]
  ],
  "spec/examples/set_name_with_input_condition.rb:3642601476": [
    [5, 9, 12, "Layout/ArgumentAlignment: Use one level of indentation for arguments following the first line of a multi-line method call.", 2723323794],
    [6, 9, 74, "Layout/ArgumentAlignment: Use one level of indentation for arguments following the first line of a multi-line method call.", 2525232760],
    [7, 11, 46, "Style/TrailingCommaInHashLiteral: Put a comma after the last item of a multiline hash.", 244115462]
  ],
  "spec/examples/set_name_with_input_condition_advanced.rb:811520118": [
    [5, 9, 12, "Layout/ArgumentAlignment: Use one level of indentation for arguments following the first line of a multi-line method call.", 2723323794],
    [6, 9, 220, "Layout/ArgumentAlignment: Use one level of indentation for arguments following the first line of a multi-line method call.", 4284749010],
    [11, 13, 4, "Style/TrailingCommaInHashLiteral: Put a comma after the last item of a multiline hash.", 2087421027],
    [12, 11, 1, "Style/TrailingCommaInHashLiteral: Put a comma after the last item of a multiline hash.", 177624]
  ],
  "spec/examples/set_wrong_type_of_output_advanced.rb:2495824050": [
    [5, 10, 243, "Layout/ArgumentAlignment: Use one level of indentation for arguments following the first line of a multi-line method call.", 1327104653],
    [9, 14, 30, "Layout/LineEndStringConcatenationIndentation: Indent the first part of a string concatenated with backslash.", 1768855069],
    [10, 12, 4, "Style/TrailingCommaInHashLiteral: Put a comma after the last item of a multiline hash.", 2087421027]
  ],
  "spec/examples/validate_weekdays.rb:2080152618": [
    [7, 9, 11, "Layout/ArgumentAlignment: Use one level of indentation for arguments following the first line of a multi-line method call.", 2804726046],
    [8, 9, 15, "Layout/ArgumentAlignment: Use one level of indentation for arguments following the first line of a multi-line method call.", 2088918180],
    [9, 9, 25, "Layout/ArgumentAlignment: Use one level of indentation for arguments following the first line of a multi-line method call.", 584488467],
    [10, 9, 147, "Layout/ArgumentAlignment: Use one level of indentation for arguments following the first line of a multi-line method call.", 492344559],
    [13, 11, 3, "Style/TrailingCommaInHashLiteral: Put a comma after the last item of a multiline hash.", 193405706],
    [16, 3, 13, "Style/SingleLineMethods: Avoid single-line method definitions.", 622651540]
  ],
  "spec/service_actor_spec.rb:1116266777": [
    [4, 3, 78, "RSpec/NoExpectationExample: No expectation found in this example.", 1244393217]
  ]
}
